
Microsoft Visual Studio Solution File, Format Version 12.00
# Visual Studio Version 17
VisualStudioVersion = 17.8.34330.188
MinimumVisualStudioVersion = 10.0.40219.1
Project("{FAE04EC0-301F-11D3-BF4B-00C04F79EFBC}") = "Задание_№2", "Задание_№2\Задание_№2.csproj", "{51AF024F-7B07-4876-BD21-E716BEB13174}"
EndProject
Global
	GlobalSection(SolutionConfigurationPlatforms) = preSolution
		Debug|Any CPU = Debug|Any CPU
		Release|Any CPU = Release|Any CPU
	EndGlobalSection
	GlobalSection(ProjectConfigurationPlatforms) = postSolution
		{51AF024F-7B07-4876-BD21-E716BEB13174}.Debug|Any CPU.ActiveCfg = Debug|Any CPU
		{51AF024F-7B07-4876-BD21-E716BEB13174}.Debug|Any CPU.Build.0 = Debug|Any CPU
		{51AF024F-7B07-4876-BD21-E716BEB13174}.Release|Any CPU.ActiveCfg = Release|Any CPU
		{51AF024F-7B07-4876-BD21-E716BEB13174}.Release|Any CPU.Build.0 = Release|Any CPU
	EndGlobalSection
	GlobalSection(SolutionProperties) = preSolution
		HideSolutionNode = FALSE
	EndGlobalSection
	GlobalSection(ExtensibilityGlobals) = postSolution
		SolutionGuid = {781736F4-12D4-4229-A86F-CB15A1D8D597}
	EndGlobalSection
EndGlobal
